// !$*UTF8*$!
{
	archiveVersion = 1;
	classes = {
	};
	objectVersion = 46;
	objects = {

/* Begin PBXBuildFile section */
		3D44638B1B81490B00F4E05A /* main.m in Sources */ = {isa = PBXBuildFile; fileRef = 3D44638A1B81490B00F4E05A /* main.m */; };
		3D44638E1B81490B00F4E05A /* AppDelegate.m in Sources */ = {isa = PBXBuildFile; fileRef = 3D44638D1B81490B00F4E05A /* AppDelegate.m */; };
		3D4463911B81490B00F4E05A /* ViewController.m in Sources */ = {isa = PBXBuildFile; fileRef = 3D4463901B81490B00F4E05A /* ViewController.m */; };
		3D4463961B81490B00F4E05A /* Images.xcassets in Resources */ = {isa = PBXBuildFile; fileRef = 3D4463951B81490B00F4E05A /* Images.xcassets */; };
		3D4463991B81490B00F4E05A /* LaunchScreen.xib in Resources */ = {isa = PBXBuildFile; fileRef = 3D4463971B81490B00F4E05A /* LaunchScreen.xib */; };
		3D4463A51B81490B00F4E05A /* CardKiveTests.m in Sources */ = {isa = PBXBuildFile; fileRef = 3D4463A41B81490B00F4E05A /* CardKiveTests.m */; };
		3D4463B01B815F8200F4E05A /* checkbox_unchecked.png in Resources */ = {isa = PBXBuildFile; fileRef = 3D4463AE1B815F8200F4E05A /* checkbox_unchecked.png */; };
		3D4463B11B815F8200F4E05A /* checkbox.png in Resources */ = {isa = PBXBuildFile; fileRef = 3D4463AF1B815F8200F4E05A /* checkbox.png */; };
		3D4463B81B816E7100F4E05A /* RegisterViewController.m in Sources */ = {isa = PBXBuildFile; fileRef = 3D4463B71B816E7100F4E05A /* RegisterViewController.m */; };
		3D4463BB1B816EB200F4E05A /* MenuViewController.m in Sources */ = {isa = PBXBuildFile; fileRef = 3D4463BA1B816EB200F4E05A /* MenuViewController.m */; };
		3D4463BE1B81723E00F4E05A /* global.m in Sources */ = {isa = PBXBuildFile; fileRef = 3D4463BD1B81723E00F4E05A /* global.m */; };
		3D8BF2891B9BB59D00CEAFC3 /* cameraViewController.m in Sources */ = {isa = PBXBuildFile; fileRef = 3D8BF2881B9BB59D00CEAFC3 /* cameraViewController.m */; };
		3D8BF2951B9BD60B00CEAFC3 /* 10.jpg in Resources */ = {isa = PBXBuildFile; fileRef = 3D8BF28B1B9BD60B00CEAFC3 /* 10.jpg */; };
		3D8BF2961B9BD60B00CEAFC3 /* 1.jpg in Resources */ = {isa = PBXBuildFile; fileRef = 3D8BF28C1B9BD60B00CEAFC3 /* 1.jpg */; };
		3D8BF2971B9BD60B00CEAFC3 /* 6.jpg in Resources */ = {isa = PBXBuildFile; fileRef = 3D8BF28D1B9BD60B00CEAFC3 /* 6.jpg */; };
		3D8BF2981B9BD60B00CEAFC3 /* 2.jpg in Resources */ = {isa = PBXBuildFile; fileRef = 3D8BF28E1B9BD60B00CEAFC3 /* 2.jpg */; };
		3D8BF2991B9BD60B00CEAFC3 /* 8.jpg in Resources */ = {isa = PBXBuildFile; fileRef = 3D8BF28F1B9BD60B00CEAFC3 /* 8.jpg */; };
		3D8BF29A1B9BD60B00CEAFC3 /* 4.jpg in Resources */ = {isa = PBXBuildFile; fileRef = 3D8BF2901B9BD60B00CEAFC3 /* 4.jpg */; };
		3D8BF29B1B9BD60B00CEAFC3 /* 9.jpg in Resources */ = {isa = PBXBuildFile; fileRef = 3D8BF2911B9BD60B00CEAFC3 /* 9.jpg */; };
		3D8BF29C1B9BD60B00CEAFC3 /* 5.jpg in Resources */ = {isa = PBXBuildFile; fileRef = 3D8BF2921B9BD60B00CEAFC3 /* 5.jpg */; };
		3D8BF29D1B9BD60B00CEAFC3 /* 3.jpg in Resources */ = {isa = PBXBuildFile; fileRef = 3D8BF2931B9BD60B00CEAFC3 /* 3.jpg */; };
		3D8BF29E1B9BD60B00CEAFC3 /* 7.jpg in Resources */ = {isa = PBXBuildFile; fileRef = 3D8BF2941B9BD60B00CEAFC3 /* 7.jpg */; };
		3D9FF5E01B8A38E50042EC2C /* AccountViewController.m in Sources */ = {isa = PBXBuildFile; fileRef = 3D9FF5DF1B8A38E50042EC2C /* AccountViewController.m */; };
		3D9FF5E21B8A42280042EC2C /* Policy.pdf in Resources */ = {isa = PBXBuildFile; fileRef = 3D9FF5E11B8A42280042EC2C /* Policy.pdf */; };
		3D9FF5E41B8A460F0042EC2C /* QuickLook.framework in Frameworks */ = {isa = PBXBuildFile; fileRef = 3D9FF5E31B8A460F0042EC2C /* QuickLook.framework */; };
		3D9FF5E71B8A4CDE0042EC2C /* UserInfoViewController.m in Sources */ = {isa = PBXBuildFile; fileRef = 3D9FF5E61B8A4CDE0042EC2C /* UserInfoViewController.m */; };
		3D9FF5EA1B8A51F20042EC2C /* Main.storyboard in Resources */ = {isa = PBXBuildFile; fileRef = 3D9FF5E81B8A51F20042EC2C /* Main.storyboard */; };
		EB0C29321BD9A0D8005C9FA0 /* bg_cork@2x.png in Resources */ = {isa = PBXBuildFile; fileRef = EB0C29311BD9A0D8005C9FA0 /* bg_cork@2x.png */; settings = {ASSET_TAGS = (); }; };
		EB0C29341BD9A0E5005C9FA0 /* search_text@2x.png in Resources */ = {isa = PBXBuildFile; fileRef = EB0C29331BD9A0E5005C9FA0 /* search_text@2x.png */; settings = {ASSET_TAGS = (); }; };
		EB0C29361BD9A0EA005C9FA0 /* search_field@2x.png in Resources */ = {isa = PBXBuildFile; fileRef = EB0C29351BD9A0EA005C9FA0 /* search_field@2x.png */; settings = {ASSET_TAGS = (); }; };
		EB0C293B1BD9A105005C9FA0 /* button@2x.png in Resources */ = {isa = PBXBuildFile; fileRef = EB0C29371BD9A105005C9FA0 /* button@2x.png */; settings = {ASSET_TAGS = (); }; };
		EB0C293C1BD9A105005C9FA0 /* divider_bar@2x.png in Resources */ = {isa = PBXBuildFile; fileRef = EB0C29381BD9A105005C9FA0 /* divider_bar@2x.png */; settings = {ASSET_TAGS = (); }; };
		EB0C293D1BD9A105005C9FA0 /* polaroid1_border@2x.png in Resources */ = {isa = PBXBuildFile; fileRef = EB0C29391BD9A105005C9FA0 /* polaroid1_border@2x.png */; settings = {ASSET_TAGS = (); }; };
		EB0C293E1BD9A105005C9FA0 /* pushpin@2x.png in Resources */ = {isa = PBXBuildFile; fileRef = EB0C293A1BD9A105005C9FA0 /* pushpin@2x.png */; settings = {ASSET_TAGS = (); }; };
		EB3114FB1BB3875F0095EE29 /* Accelerate.framework in Frameworks */ = {isa = PBXBuildFile; fileRef = EB3114FA1BB3875F0095EE29 /* Accelerate.framework */; };
		EB3114FD1BB387680095EE29 /* CoreGraphics.framework in Frameworks */ = {isa = PBXBuildFile; fileRef = EB3114FC1BB387680095EE29 /* CoreGraphics.framework */; };
		EB3114FF1BB387700095EE29 /* CoreImage.framework in Frameworks */ = {isa = PBXBuildFile; fileRef = EB3114FE1BB387700095EE29 /* CoreImage.framework */; };
		EBA03B971BC337D0002B8722 /* 60x60_logo.png in Resources */ = {isa = PBXBuildFile; fileRef = EBA03B931BC337D0002B8722 /* 60x60_logo.png */; settings = {ASSET_TAGS = (); }; };
		EBA03B981BC337D0002B8722 /* 29x29_logo.png in Resources */ = {isa = PBXBuildFile; fileRef = EBA03B941BC337D0002B8722 /* 29x29_logo.png */; settings = {ASSET_TAGS = (); }; };
		EBA03B991BC337D0002B8722 /* 76x76_logo.png in Resources */ = {isa = PBXBuildFile; fileRef = EBA03B951BC337D0002B8722 /* 76x76_logo.png */; settings = {ASSET_TAGS = (); }; };
		EBA03B9A1BC337D0002B8722 /* 40x40_logo.png in Resources */ = {isa = PBXBuildFile; fileRef = EBA03B961BC337D0002B8722 /* 40x40_logo.png */; settings = {ASSET_TAGS = (); }; };
		EBA03B9F1BC33A88002B8722 /* 80x80_logo.png in Resources */ = {isa = PBXBuildFile; fileRef = EBA03B9B1BC33A88002B8722 /* 80x80_logo.png */; settings = {ASSET_TAGS = (); }; };
		EBA03BA01BC33A88002B8722 /* 180x180_logo.png in Resources */ = {isa = PBXBuildFile; fileRef = EBA03B9C1BC33A88002B8722 /* 180x180_logo.png */; settings = {ASSET_TAGS = (); }; };
		EBA03BA11BC33A88002B8722 /* 120x120_logo.png in Resources */ = {isa = PBXBuildFile; fileRef = EBA03B9D1BC33A88002B8722 /* 120x120_logo.png */; settings = {ASSET_TAGS = (); }; };
		EBA03BA21BC33A88002B8722 /* 152x152_logo.png in Resources */ = {isa = PBXBuildFile; fileRef = EBA03B9E1BC33A88002B8722 /* 152x152_logo.png */; settings = {ASSET_TAGS = (); }; };
		EBA03BA51BC33A99002B8722 /* 58x58_logo.png in Resources */ = {isa = PBXBuildFile; fileRef = EBA03BA31BC33A99002B8722 /* 58x58_logo.png */; settings = {ASSET_TAGS = (); }; };
		EBA03BA61BC33A99002B8722 /* 87x87_logo.png in Resources */ = {isa = PBXBuildFile; fileRef = EBA03BA41BC33A99002B8722 /* 87x87_logo.png */; settings = {ASSET_TAGS = (); }; };
		EBCDCAEB1BD55379008F1A0A /* edit.png in Resources */ = {isa = PBXBuildFile; fileRef = EBCDCAE81BD55379008F1A0A /* edit.png */; settings = {ASSET_TAGS = (); }; };
		EBCDCAEC1BD55379008F1A0A /* save.png in Resources */ = {isa = PBXBuildFile; fileRef = EBCDCAE91BD55379008F1A0A /* save.png */; settings = {ASSET_TAGS = (); }; };
		EBCDCAED1BD55379008F1A0A /* delete.png in Resources */ = {isa = PBXBuildFile; fileRef = EBCDCAEA1BD55379008F1A0A /* delete.png */; settings = {ASSET_TAGS = (); }; };
		EBCDCAF01BD55B45008F1A0A /* background_login.png in Resources */ = {isa = PBXBuildFile; fileRef = EBCDCAEF1BD55B45008F1A0A /* background_login.png */; settings = {ASSET_TAGS = (); }; };
		EBCDCAF21BD55D0E008F1A0A /* blue background.png in Resources */ = {isa = PBXBuildFile; fileRef = EBCDCAF11BD55D0E008F1A0A /* blue background.png */; settings = {ASSET_TAGS = (); }; };
		EBCDCAF51BD55F14008F1A0A /* background_register.png in Resources */ = {isa = PBXBuildFile; fileRef = EBCDCAF41BD55F14008F1A0A /* background_register.png */; settings = {ASSET_TAGS = (); }; };
		EBD9D19A1BA9FB0200172CAC /* open.jpeg in Resources */ = {isa = PBXBuildFile; fileRef = EBD9D1991BA9FB0200172CAC /* open.jpeg */; };
		EBE25B231BB478AB004D870E /* cardEditViewController.m in Sources */ = {isa = PBXBuildFile; fileRef = EBE25B221BB478AB004D870E /* cardEditViewController.m */; settings = {ASSET_TAGS = (); }; };
		EBE25B2F1BB47970004D870E /* CLImageEditor.bundle in Resources */ = {isa = PBXBuildFile; fileRef = EBE25B251BB47970004D870E /* CLImageEditor.bundle */; settings = {ASSET_TAGS = (); }; };
		EBE25B301BB47970004D870E /* CLImageEditor.m in Sources */ = {isa = PBXBuildFile; fileRef = EBE25B271BB47970004D870E /* CLImageEditor.m */; settings = {ASSET_TAGS = (); }; };
		EBE25B311BB47970004D870E /* CLImageEditorTheme.m in Sources */ = {isa = PBXBuildFile; fileRef = EBE25B291BB47970004D870E /* CLImageEditorTheme.m */; settings = {ASSET_TAGS = (); }; };
		EBE25B321BB47970004D870E /* CLImageToolInfo.m in Sources */ = {isa = PBXBuildFile; fileRef = EBE25B2B1BB47970004D870E /* CLImageToolInfo.m */; settings = {ASSET_TAGS = (); }; };
		EBE25B371BB47B27004D870E /* UIKit.framework in Frameworks */ = {isa = PBXBuildFile; fileRef = EBE25B361BB47B27004D870E /* UIKit.framework */; };
		EBE25B391BB47B85004D870E /* Foundation.framework in Frameworks */ = {isa = PBXBuildFile; fileRef = EBE25B381BB47B85004D870E /* Foundation.framework */; };
		EBE25B781BB47C57004D870E /* CLAdjustmentTool.m in Sources */ = {isa = PBXBuildFile; fileRef = EBE25B3E1BB47C57004D870E /* CLAdjustmentTool.m */; settings = {ASSET_TAGS = (); }; };
		EBE25B791BB47C57004D870E /* CLBlurTool.m in Sources */ = {isa = PBXBuildFile; fileRef = EBE25B411BB47C57004D870E /* CLBlurTool.m */; settings = {ASSET_TAGS = (); }; };
		EBE25B7A1BB47C57004D870E /* CLClippingTool.m in Sources */ = {isa = PBXBuildFile; fileRef = EBE25B441BB47C57004D870E /* CLClippingTool.m */; settings = {ASSET_TAGS = (); }; };
		EBE25B7B1BB47C57004D870E /* CLDrawTool.m in Sources */ = {isa = PBXBuildFile; fileRef = EBE25B471BB47C57004D870E /* CLDrawTool.m */; settings = {ASSET_TAGS = (); }; };
		EBE25B7C1BB47C57004D870E /* CLBloomEffect.m in Sources */ = {isa = PBXBuildFile; fileRef = EBE25B4B1BB47C57004D870E /* CLBloomEffect.m */; settings = {ASSET_TAGS = (); }; };
		EBE25B7D1BB47C57004D870E /* CLGloomEffect.m in Sources */ = {isa = PBXBuildFile; fileRef = EBE25B4D1BB47C57004D870E /* CLGloomEffect.m */; settings = {ASSET_TAGS = (); }; };
		EBE25B7E1BB47C57004D870E /* CLHighlightShadowEffect.m in Sources */ = {isa = PBXBuildFile; fileRef = EBE25B4F1BB47C57004D870E /* CLHighlightShadowEffect.m */; settings = {ASSET_TAGS = (); }; };
		EBE25B7F1BB47C57004D870E /* CLHueEffect.m in Sources */ = {isa = PBXBuildFile; fileRef = EBE25B511BB47C57004D870E /* CLHueEffect.m */; settings = {ASSET_TAGS = (); }; };
		EBE25B801BB47C57004D870E /* CLPixellateEffect.m in Sources */ = {isa = PBXBuildFile; fileRef = EBE25B531BB47C57004D870E /* CLPixellateEffect.m */; settings = {ASSET_TAGS = (); }; };
		EBE25B811BB47C57004D870E /* CLPosterizeEffect.m in Sources */ = {isa = PBXBuildFile; fileRef = EBE25B551BB47C57004D870E /* CLPosterizeEffect.m */; settings = {ASSET_TAGS = (); }; };
		EBE25B821BB47C57004D870E /* CLSpotEffect.m in Sources */ = {isa = PBXBuildFile; fileRef = EBE25B571BB47C57004D870E /* CLSpotEffect.m */; settings = {ASSET_TAGS = (); }; };
		EBE25B831BB47C57004D870E /* CLEffectBase.m in Sources */ = {isa = PBXBuildFile; fileRef = EBE25B591BB47C57004D870E /* CLEffectBase.m */; settings = {ASSET_TAGS = (); }; };
		EBE25B841BB47C57004D870E /* CLEffectTool.m in Sources */ = {isa = PBXBuildFile; fileRef = EBE25B5B1BB47C57004D870E /* CLEffectTool.m */; settings = {ASSET_TAGS = (); }; };
		EBE25B851BB47C57004D870E /* CLFilterBase.m in Sources */ = {isa = PBXBuildFile; fileRef = EBE25B5E1BB47C57004D870E /* CLFilterBase.m */; settings = {ASSET_TAGS = (); }; };
		EBE25B861BB47C57004D870E /* CLFilterTool.m in Sources */ = {isa = PBXBuildFile; fileRef = EBE25B601BB47C57004D870E /* CLFilterTool.m */; settings = {ASSET_TAGS = (); }; };
		EBE25B871BB47C57004D870E /* CLImageToolBase.m in Sources */ = {isa = PBXBuildFile; fileRef = EBE25B621BB47C57004D870E /* CLImageToolBase.m */; settings = {ASSET_TAGS = (); }; };
		EBE25B881BB47C57004D870E /* CLRotateTool.m in Sources */ = {isa = PBXBuildFile; fileRef = EBE25B651BB47C57004D870E /* CLRotateTool.m */; settings = {ASSET_TAGS = (); }; };
		EBE25B891BB47C57004D870E /* CLToneCurveTool.m in Sources */ = {isa = PBXBuildFile; fileRef = EBE25B681BB47C57004D870E /* CLToneCurveTool.m */; settings = {ASSET_TAGS = (); }; };
		EBE25B8A1BB47C57004D870E /* CLCircleView.m in Sources */ = {isa = PBXBuildFile; fileRef = EBE25B6B1BB47C57004D870E /* CLCircleView.m */; settings = {ASSET_TAGS = (); }; };
		EBE25B8B1BB47C57004D870E /* CLColorPickerView.m in Sources */ = {isa = PBXBuildFile; fileRef = EBE25B6D1BB47C57004D870E /* CLColorPickerView.m */; settings = {ASSET_TAGS = (); }; };
		EBE25B8C1BB47C57004D870E /* CLImageEditorTheme+Private.m in Sources */ = {isa = PBXBuildFile; fileRef = EBE25B6F1BB47C57004D870E /* CLImageEditorTheme+Private.m */; settings = {ASSET_TAGS = (); }; };
		EBE25B8D1BB47C57004D870E /* CLImageToolInfo+Private.m in Sources */ = {isa = PBXBuildFile; fileRef = EBE25B711BB47C57004D870E /* CLImageToolInfo+Private.m */; settings = {ASSET_TAGS = (); }; };
		EBE25B8E1BB47C57004D870E /* CLToolbarMenuItem.m in Sources */ = {isa = PBXBuildFile; fileRef = EBE25B751BB47C57004D870E /* CLToolbarMenuItem.m */; settings = {ASSET_TAGS = (); }; };
		EBE25B8F1BB47C57004D870E /* UIView+CLImageToolInfo.m in Sources */ = {isa = PBXBuildFile; fileRef = EBE25B771BB47C57004D870E /* UIView+CLImageToolInfo.m */; settings = {ASSET_TAGS = (); }; };
		EBE25B9E1BB47C75004D870E /* CLClassList.m in Sources */ = {isa = PBXBuildFile; fileRef = EBE25B921BB47C75004D870E /* CLClassList.m */; settings = {ASSET_TAGS = (); }; };
		EBE25B9F1BB47C75004D870E /* CLSplineInterpolator.m in Sources */ = {isa = PBXBuildFile; fileRef = EBE25B941BB47C75004D870E /* CLSplineInterpolator.m */; settings = {ASSET_TAGS = (); }; };
		EBE25BA01BB47C75004D870E /* UIDevice+SystemVersion.m in Sources */ = {isa = PBXBuildFile; fileRef = EBE25B961BB47C75004D870E /* UIDevice+SystemVersion.m */; settings = {ASSET_TAGS = (); }; };
		EBE25BA11BB47C75004D870E /* UIImage+Utility.m in Sources */ = {isa = PBXBuildFile; fileRef = EBE25B981BB47C75004D870E /* UIImage+Utility.m */; settings = {ASSET_TAGS = (); }; };
		EBE25BA21BB47C75004D870E /* UIView+Frame.m in Sources */ = {isa = PBXBuildFile; fileRef = EBE25B9A1BB47C75004D870E /* UIView+Frame.m */; settings = {ASSET_TAGS = (); }; };
		EBE25BA31BB47C75004D870E /* _CLImageEditorViewController.m in Sources */ = {isa = PBXBuildFile; fileRef = EBE25B9D1BB47C75004D870E /* _CLImageEditorViewController.m */; settings = {ASSET_TAGS = (); }; };
		EBE25BA71BBEFE3A004D870E /* AssetsLibrary.framework in Frameworks */ = {isa = PBXBuildFile; fileRef = EBE25BA61BBEFE3A004D870E /* AssetsLibrary.framework */; };
/* End PBXBuildFile section */

/* Begin PBXContainerItemProxy section */
		3D44639F1B81490B00F4E05A /* PBXContainerItemProxy */ = {
			isa = PBXContainerItemProxy;
			containerPortal = 3D44637D1B81490B00F4E05A /* Project object */;
			proxyType = 1;
			remoteGlobalIDString = 3D4463841B81490B00F4E05A;
			remoteInfo = CardKive;
		};
/* End PBXContainerItemProxy section */

/* Begin PBXFileReference section */
		3D4463851B81490B00F4E05A /* CardKive.app */ = {isa = PBXFileReference; explicitFileType = wrapper.application; includeInIndex = 0; path = CardKive.app; sourceTree = BUILT_PRODUCTS_DIR; };
		3D4463891B81490B00F4E05A /* Info.plist */ = {isa = PBXFileReference; lastKnownFileType = text.plist.xml; path = Info.plist; sourceTree = "<group>"; };
		3D44638A1B81490B00F4E05A /* main.m */ = {isa = PBXFileReference; lastKnownFileType = sourcecode.c.objc; path = main.m; sourceTree = "<group>"; };
		3D44638C1B81490B00F4E05A /* AppDelegate.h */ = {isa = PBXFileReference; lastKnownFileType = sourcecode.c.h; path = AppDelegate.h; sourceTree = "<group>"; };
		3D44638D1B81490B00F4E05A /* AppDelegate.m */ = {isa = PBXFileReference; lastKnownFileType = sourcecode.c.objc; path = AppDelegate.m; sourceTree = "<group>"; };
		3D44638F1B81490B00F4E05A /* ViewController.h */ = {isa = PBXFileReference; lastKnownFileType = sourcecode.c.h; path = ViewController.h; sourceTree = "<group>"; };
		3D4463901B81490B00F4E05A /* ViewController.m */ = {isa = PBXFileReference; lastKnownFileType = sourcecode.c.objc; path = ViewController.m; sourceTree = "<group>"; };
		3D4463951B81490B00F4E05A /* Images.xcassets */ = {isa = PBXFileReference; lastKnownFileType = folder.assetcatalog; path = Images.xcassets; sourceTree = "<group>"; };
		3D4463981B81490B00F4E05A /* Base */ = {isa = PBXFileReference; lastKnownFileType = file.xib; name = Base; path = Base.lproj/LaunchScreen.xib; sourceTree = "<group>"; };
		3D44639E1B81490B00F4E05A /* CardKiveTests.xctest */ = {isa = PBXFileReference; explicitFileType = wrapper.cfbundle; includeInIndex = 0; path = CardKiveTests.xctest; sourceTree = BUILT_PRODUCTS_DIR; };
		3D4463A31B81490B00F4E05A /* Info.plist */ = {isa = PBXFileReference; lastKnownFileType = text.plist.xml; path = Info.plist; sourceTree = "<group>"; };
		3D4463A41B81490B00F4E05A /* CardKiveTests.m */ = {isa = PBXFileReference; lastKnownFileType = sourcecode.c.objc; path = CardKiveTests.m; sourceTree = "<group>"; };
		3D4463AE1B815F8200F4E05A /* checkbox_unchecked.png */ = {isa = PBXFileReference; lastKnownFileType = image.png; path = checkbox_unchecked.png; sourceTree = "<group>"; };
		3D4463AF1B815F8200F4E05A /* checkbox.png */ = {isa = PBXFileReference; lastKnownFileType = image.png; path = checkbox.png; sourceTree = "<group>"; };
		3D4463B61B816E7100F4E05A /* RegisterViewController.h */ = {isa = PBXFileReference; fileEncoding = 4; lastKnownFileType = sourcecode.c.h; path = RegisterViewController.h; sourceTree = "<group>"; };
		3D4463B71B816E7100F4E05A /* RegisterViewController.m */ = {isa = PBXFileReference; fileEncoding = 4; lastKnownFileType = sourcecode.c.objc; path = RegisterViewController.m; sourceTree = "<group>"; };
		3D4463B91B816EB200F4E05A /* MenuViewController.h */ = {isa = PBXFileReference; fileEncoding = 4; lastKnownFileType = sourcecode.c.h; path = MenuViewController.h; sourceTree = "<group>"; };
		3D4463BA1B816EB200F4E05A /* MenuViewController.m */ = {isa = PBXFileReference; fileEncoding = 4; lastKnownFileType = sourcecode.c.objc; path = MenuViewController.m; sourceTree = "<group>"; };
		3D4463BC1B81723E00F4E05A /* global.h */ = {isa = PBXFileReference; fileEncoding = 4; lastKnownFileType = sourcecode.c.h; path = global.h; sourceTree = "<group>"; };
		3D4463BD1B81723E00F4E05A /* global.m */ = {isa = PBXFileReference; fileEncoding = 4; lastKnownFileType = sourcecode.c.objc; path = global.m; sourceTree = "<group>"; };
		3D8BF2871B9BB59D00CEAFC3 /* cameraViewController.h */ = {isa = PBXFileReference; fileEncoding = 4; lastKnownFileType = sourcecode.c.h; path = cameraViewController.h; sourceTree = "<group>"; };
		3D8BF2881B9BB59D00CEAFC3 /* cameraViewController.m */ = {isa = PBXFileReference; fileEncoding = 4; lastKnownFileType = sourcecode.c.objc; path = cameraViewController.m; sourceTree = "<group>"; };
		3D8BF28B1B9BD60B00CEAFC3 /* 10.jpg */ = {isa = PBXFileReference; lastKnownFileType = image.jpeg; path = 10.jpg; sourceTree = "<group>"; };
		3D8BF28C1B9BD60B00CEAFC3 /* 1.jpg */ = {isa = PBXFileReference; lastKnownFileType = image.jpeg; path = 1.jpg; sourceTree = "<group>"; };
		3D8BF28D1B9BD60B00CEAFC3 /* 6.jpg */ = {isa = PBXFileReference; lastKnownFileType = image.jpeg; path = 6.jpg; sourceTree = "<group>"; };
		3D8BF28E1B9BD60B00CEAFC3 /* 2.jpg */ = {isa = PBXFileReference; lastKnownFileType = image.jpeg; path = 2.jpg; sourceTree = "<group>"; };
		3D8BF28F1B9BD60B00CEAFC3 /* 8.jpg */ = {isa = PBXFileReference; lastKnownFileType = image.jpeg; path = 8.jpg; sourceTree = "<group>"; };
		3D8BF2901B9BD60B00CEAFC3 /* 4.jpg */ = {isa = PBXFileReference; lastKnownFileType = image.jpeg; path = 4.jpg; sourceTree = "<group>"; };
		3D8BF2911B9BD60B00CEAFC3 /* 9.jpg */ = {isa = PBXFileReference; lastKnownFileType = image.jpeg; path = 9.jpg; sourceTree = "<group>"; };
		3D8BF2921B9BD60B00CEAFC3 /* 5.jpg */ = {isa = PBXFileReference; lastKnownFileType = image.jpeg; path = 5.jpg; sourceTree = "<group>"; };
		3D8BF2931B9BD60B00CEAFC3 /* 3.jpg */ = {isa = PBXFileReference; lastKnownFileType = image.jpeg; path = 3.jpg; sourceTree = "<group>"; };
		3D8BF2941B9BD60B00CEAFC3 /* 7.jpg */ = {isa = PBXFileReference; lastKnownFileType = image.jpeg; path = 7.jpg; sourceTree = "<group>"; };
		3D9FF5DE1B8A38E50042EC2C /* AccountViewController.h */ = {isa = PBXFileReference; fileEncoding = 4; lastKnownFileType = sourcecode.c.h; path = AccountViewController.h; sourceTree = "<group>"; };
		3D9FF5DF1B8A38E50042EC2C /* AccountViewController.m */ = {isa = PBXFileReference; fileEncoding = 4; lastKnownFileType = sourcecode.c.objc; path = AccountViewController.m; sourceTree = "<group>"; };
		3D9FF5E11B8A42280042EC2C /* Policy.pdf */ = {isa = PBXFileReference; lastKnownFileType = image.pdf; path = Policy.pdf; sourceTree = "<group>"; };
		3D9FF5E31B8A460F0042EC2C /* QuickLook.framework */ = {isa = PBXFileReference; lastKnownFileType = wrapper.framework; name = QuickLook.framework; path = System/Library/Frameworks/QuickLook.framework; sourceTree = SDKROOT; };
		3D9FF5E51B8A4CDE0042EC2C /* UserInfoViewController.h */ = {isa = PBXFileReference; fileEncoding = 4; lastKnownFileType = sourcecode.c.h; path = UserInfoViewController.h; sourceTree = "<group>"; };
		3D9FF5E61B8A4CDE0042EC2C /* UserInfoViewController.m */ = {isa = PBXFileReference; fileEncoding = 4; lastKnownFileType = sourcecode.c.objc; path = UserInfoViewController.m; sourceTree = "<group>"; };
		3D9FF5E91B8A51F20042EC2C /* Base */ = {isa = PBXFileReference; lastKnownFileType = file.storyboard; name = Base; path = Base.lproj/Main.storyboard; sourceTree = "<group>"; };
		EB0C29311BD9A0D8005C9FA0 /* bg_cork@2x.png */ = {isa = PBXFileReference; lastKnownFileType = image.png; path = "bg_cork@2x.png"; sourceTree = "<group>"; };
		EB0C29331BD9A0E5005C9FA0 /* search_text@2x.png */ = {isa = PBXFileReference; lastKnownFileType = image.png; path = "search_text@2x.png"; sourceTree = "<group>"; };
		EB0C29351BD9A0EA005C9FA0 /* search_field@2x.png */ = {isa = PBXFileReference; lastKnownFileType = image.png; path = "search_field@2x.png"; sourceTree = "<group>"; };
		EB0C29371BD9A105005C9FA0 /* button@2x.png */ = {isa = PBXFileReference; lastKnownFileType = image.png; path = "button@2x.png"; sourceTree = "<group>"; };
		EB0C29381BD9A105005C9FA0 /* divider_bar@2x.png */ = {isa = PBXFileReference; lastKnownFileType = image.png; path = "divider_bar@2x.png"; sourceTree = "<group>"; };
		EB0C29391BD9A105005C9FA0 /* polaroid1_border@2x.png */ = {isa = PBXFileReference; lastKnownFileType = image.png; path = "polaroid1_border@2x.png"; sourceTree = "<group>"; };
		EB0C293A1BD9A105005C9FA0 /* pushpin@2x.png */ = {isa = PBXFileReference; lastKnownFileType = image.png; path = "pushpin@2x.png"; sourceTree = "<group>"; };
		EB3114FA1BB3875F0095EE29 /* Accelerate.framework */ = {isa = PBXFileReference; lastKnownFileType = wrapper.framework; name = Accelerate.framework; path = System/Library/Frameworks/Accelerate.framework; sourceTree = SDKROOT; };
		EB3114FC1BB387680095EE29 /* CoreGraphics.framework */ = {isa = PBXFileReference; lastKnownFileType = wrapper.framework; name = CoreGraphics.framework; path = System/Library/Frameworks/CoreGraphics.framework; sourceTree = SDKROOT; };
		EB3114FE1BB387700095EE29 /* CoreImage.framework */ = {isa = PBXFileReference; lastKnownFileType = wrapper.framework; name = CoreImage.framework; path = System/Library/Frameworks/CoreImage.framework; sourceTree = SDKROOT; };
		EBA03B931BC337D0002B8722 /* 60x60_logo.png */ = {isa = PBXFileReference; lastKnownFileType = image.png; path = 60x60_logo.png; sourceTree = "<group>"; };
		EBA03B941BC337D0002B8722 /* 29x29_logo.png */ = {isa = PBXFileReference; lastKnownFileType = image.png; path = 29x29_logo.png; sourceTree = "<group>"; };
		EBA03B951BC337D0002B8722 /* 76x76_logo.png */ = {isa = PBXFileReference; lastKnownFileType = image.png; path = 76x76_logo.png; sourceTree = "<group>"; };
		EBA03B961BC337D0002B8722 /* 40x40_logo.png */ = {isa = PBXFileReference; lastKnownFileType = image.png; path = 40x40_logo.png; sourceTree = "<group>"; };
		EBA03B9B1BC33A88002B8722 /* 80x80_logo.png */ = {isa = PBXFileReference; lastKnownFileType = image.png; path = 80x80_logo.png; sourceTree = "<group>"; };
		EBA03B9C1BC33A88002B8722 /* 180x180_logo.png */ = {isa = PBXFileReference; lastKnownFileType = image.png; path = 180x180_logo.png; sourceTree = "<group>"; };
		EBA03B9D1BC33A88002B8722 /* 120x120_logo.png */ = {isa = PBXFileReference; lastKnownFileType = image.png; path = 120x120_logo.png; sourceTree = "<group>"; };
		EBA03B9E1BC33A88002B8722 /* 152x152_logo.png */ = {isa = PBXFileReference; lastKnownFileType = image.png; path = 152x152_logo.png; sourceTree = "<group>"; };
		EBA03BA31BC33A99002B8722 /* 58x58_logo.png */ = {isa = PBXFileReference; lastKnownFileType = image.png; path = 58x58_logo.png; sourceTree = "<group>"; };
		EBA03BA41BC33A99002B8722 /* 87x87_logo.png */ = {isa = PBXFileReference; lastKnownFileType = image.png; path = 87x87_logo.png; sourceTree = "<group>"; };
		EBCDCAE81BD55379008F1A0A /* edit.png */ = {isa = PBXFileReference; lastKnownFileType = image.png; path = edit.png; sourceTree = "<group>"; };
		EBCDCAE91BD55379008F1A0A /* save.png */ = {isa = PBXFileReference; lastKnownFileType = image.png; path = save.png; sourceTree = "<group>"; };
		EBCDCAEA1BD55379008F1A0A /* delete.png */ = {isa = PBXFileReference; lastKnownFileType = image.png; path = delete.png; sourceTree = "<group>"; };
		EBCDCAEF1BD55B45008F1A0A /* background_login.png */ = {isa = PBXFileReference; lastKnownFileType = image.png; path = background_login.png; sourceTree = "<group>"; };
		EBCDCAF11BD55D0E008F1A0A /* blue background.png */ = {isa = PBXFileReference; lastKnownFileType = image.png; path = "blue background.png"; sourceTree = "<group>"; };
		EBCDCAF41BD55F14008F1A0A /* background_register.png */ = {isa = PBXFileReference; lastKnownFileType = image.png; path = background_register.png; sourceTree = "<group>"; };
		EBD9D1991BA9FB0200172CAC /* open.jpeg */ = {isa = PBXFileReference; lastKnownFileType = image.jpeg; path = open.jpeg; sourceTree = "<group>"; };
		EBE25B211BB478AB004D870E /* cardEditViewController.h */ = {isa = PBXFileReference; fileEncoding = 4; lastKnownFileType = sourcecode.c.h; path = cardEditViewController.h; sourceTree = "<group>"; };
		EBE25B221BB478AB004D870E /* cardEditViewController.m */ = {isa = PBXFileReference; fileEncoding = 4; lastKnownFileType = sourcecode.c.objc; path = cardEditViewController.m; sourceTree = "<group>"; };
		EBE25B251BB47970004D870E /* CLImageEditor.bundle */ = {isa = PBXFileReference; lastKnownFileType = "wrapper.plug-in"; name = CLImageEditor.bundle; path = CLImageEditor/CLImageEditor.bundle; sourceTree = "<group>"; };
		EBE25B261BB47970004D870E /* CLImageEditor.h */ = {isa = PBXFileReference; fileEncoding = 4; lastKnownFileType = sourcecode.c.h; name = CLImageEditor.h; path = CLImageEditor/CLImageEditor.h; sourceTree = "<group>"; };
		EBE25B271BB47970004D870E /* CLImageEditor.m */ = {isa = PBXFileReference; fileEncoding = 4; lastKnownFileType = sourcecode.c.objc; name = CLImageEditor.m; path = CLImageEditor/CLImageEditor.m; sourceTree = "<group>"; };
		EBE25B281BB47970004D870E /* CLImageEditorTheme.h */ = {isa = PBXFileReference; fileEncoding = 4; lastKnownFileType = sourcecode.c.h; name = CLImageEditorTheme.h; path = CLImageEditor/CLImageEditorTheme.h; sourceTree = "<group>"; };
		EBE25B291BB47970004D870E /* CLImageEditorTheme.m */ = {isa = PBXFileReference; fileEncoding = 4; lastKnownFileType = sourcecode.c.objc; name = CLImageEditorTheme.m; path = CLImageEditor/CLImageEditorTheme.m; sourceTree = "<group>"; };
		EBE25B2A1BB47970004D870E /* CLImageToolInfo.h */ = {isa = PBXFileReference; fileEncoding = 4; lastKnownFileType = sourcecode.c.h; name = CLImageToolInfo.h; path = CLImageEditor/CLImageToolInfo.h; sourceTree = "<group>"; };
		EBE25B2B1BB47970004D870E /* CLImageToolInfo.m */ = {isa = PBXFileReference; fileEncoding = 4; lastKnownFileType = sourcecode.c.objc; name = CLImageToolInfo.m; path = CLImageEditor/CLImageToolInfo.m; sourceTree = "<group>"; };
		EBE25B361BB47B27004D870E /* UIKit.framework */ = {isa = PBXFileReference; lastKnownFileType = wrapper.framework; name = UIKit.framework; path = System/Library/Frameworks/UIKit.framework; sourceTree = SDKROOT; };
		EBE25B381BB47B85004D870E /* Foundation.framework */ = {isa = PBXFileReference; lastKnownFileType = wrapper.framework; name = Foundation.framework; path = System/Library/Frameworks/Foundation.framework; sourceTree = SDKROOT; };
		EBE25B3D1BB47C57004D870E /* CLAdjustmentTool.h */ = {isa = PBXFileReference; fileEncoding = 4; lastKnownFileType = sourcecode.c.h; path = CLAdjustmentTool.h; sourceTree = "<group>"; };
		EBE25B3E1BB47C57004D870E /* CLAdjustmentTool.m */ = {isa = PBXFileReference; fileEncoding = 4; lastKnownFileType = sourcecode.c.objc; path = CLAdjustmentTool.m; sourceTree = "<group>"; };
		EBE25B401BB47C57004D870E /* CLBlurTool.h */ = {isa = PBXFileReference; fileEncoding = 4; lastKnownFileType = sourcecode.c.h; path = CLBlurTool.h; sourceTree = "<group>"; };
		EBE25B411BB47C57004D870E /* CLBlurTool.m */ = {isa = PBXFileReference; fileEncoding = 4; lastKnownFileType = sourcecode.c.objc; path = CLBlurTool.m; sourceTree = "<group>"; };
		EBE25B431BB47C57004D870E /* CLClippingTool.h */ = {isa = PBXFileReference; fileEncoding = 4; lastKnownFileType = sourcecode.c.h; path = CLClippingTool.h; sourceTree = "<group>"; };
		EBE25B441BB47C57004D870E /* CLClippingTool.m */ = {isa = PBXFileReference; fileEncoding = 4; lastKnownFileType = sourcecode.c.objc; path = CLClippingTool.m; sourceTree = "<group>"; };
		EBE25B461BB47C57004D870E /* CLDrawTool.h */ = {isa = PBXFileReference; fileEncoding = 4; lastKnownFileType = sourcecode.c.h; path = CLDrawTool.h; sourceTree = "<group>"; };
		EBE25B471BB47C57004D870E /* CLDrawTool.m */ = {isa = PBXFileReference; fileEncoding = 4; lastKnownFileType = sourcecode.c.objc; path = CLDrawTool.m; sourceTree = "<group>"; };
		EBE25B4A1BB47C57004D870E /* CLBloomEffect.h */ = {isa = PBXFileReference; fileEncoding = 4; lastKnownFileType = sourcecode.c.h; path = CLBloomEffect.h; sourceTree = "<group>"; };
		EBE25B4B1BB47C57004D870E /* CLBloomEffect.m */ = {isa = PBXFileReference; fileEncoding = 4; lastKnownFileType = sourcecode.c.objc; path = CLBloomEffect.m; sourceTree = "<group>"; };
		EBE25B4C1BB47C57004D870E /* CLGloomEffect.h */ = {isa = PBXFileReference; fileEncoding = 4; lastKnownFileType = sourcecode.c.h; path = CLGloomEffect.h; sourceTree = "<group>"; };
		EBE25B4D1BB47C57004D870E /* CLGloomEffect.m */ = {isa = PBXFileReference; fileEncoding = 4; lastKnownFileType = sourcecode.c.objc; path = CLGloomEffect.m; sourceTree = "<group>"; };
		EBE25B4E1BB47C57004D870E /* CLHighlightShadowEffect.h */ = {isa = PBXFileReference; fileEncoding = 4; lastKnownFileType = sourcecode.c.h; path = CLHighlightShadowEffect.h; sourceTree = "<group>"; };
		EBE25B4F1BB47C57004D870E /* CLHighlightShadowEffect.m */ = {isa = PBXFileReference; fileEncoding = 4; lastKnownFileType = sourcecode.c.objc; path = CLHighlightShadowEffect.m; sourceTree = "<group>"; };
		EBE25B501BB47C57004D870E /* CLHueEffect.h */ = {isa = PBXFileReference; fileEncoding = 4; lastKnownFileType = sourcecode.c.h; path = CLHueEffect.h; sourceTree = "<group>"; };
		EBE25B511BB47C57004D870E /* CLHueEffect.m */ = {isa = PBXFileReference; fileEncoding = 4; lastKnownFileType = sourcecode.c.objc; path = CLHueEffect.m; sourceTree = "<group>"; };
		EBE25B521BB47C57004D870E /* CLPixellateEffect.h */ = {isa = PBXFileReference; fileEncoding = 4; lastKnownFileType = sourcecode.c.h; path = CLPixellateEffect.h; sourceTree = "<group>"; };
		EBE25B531BB47C57004D870E /* CLPixellateEffect.m */ = {isa = PBXFileReference; fileEncoding = 4; lastKnownFileType = sourcecode.c.objc; path = CLPixellateEffect.m; sourceTree = "<group>"; };
		EBE25B541BB47C57004D870E /* CLPosterizeEffect.h */ = {isa = PBXFileReference; fileEncoding = 4; lastKnownFileType = sourcecode.c.h; path = CLPosterizeEffect.h; sourceTree = "<group>"; };
		EBE25B551BB47C57004D870E /* CLPosterizeEffect.m */ = {isa = PBXFileReference; fileEncoding = 4; lastKnownFileType = sourcecode.c.objc; path = CLPosterizeEffect.m; sourceTree = "<group>"; };
		EBE25B561BB47C57004D870E /* CLSpotEffect.h */ = {isa = PBXFileReference; fileEncoding = 4; lastKnownFileType = sourcecode.c.h; path = CLSpotEffect.h; sourceTree = "<group>"; };
		EBE25B571BB47C57004D870E /* CLSpotEffect.m */ = {isa = PBXFileReference; fileEncoding = 4; lastKnownFileType = sourcecode.c.objc; path = CLSpotEffect.m; sourceTree = "<group>"; };
		EBE25B581BB47C57004D870E /* CLEffectBase.h */ = {isa = PBXFileReference; fileEncoding = 4; lastKnownFileType = sourcecode.c.h; path = CLEffectBase.h; sourceTree = "<group>"; };
		EBE25B591BB47C57004D870E /* CLEffectBase.m */ = {isa = PBXFileReference; fileEncoding = 4; lastKnownFileType = sourcecode.c.objc; path = CLEffectBase.m; sourceTree = "<group>"; };
		EBE25B5A1BB47C57004D870E /* CLEffectTool.h */ = {isa = PBXFileReference; fileEncoding = 4; lastKnownFileType = sourcecode.c.h; path = CLEffectTool.h; sourceTree = "<group>"; };
		EBE25B5B1BB47C57004D870E /* CLEffectTool.m */ = {isa = PBXFileReference; fileEncoding = 4; lastKnownFileType = sourcecode.c.objc; path = CLEffectTool.m; sourceTree = "<group>"; };
		EBE25B5D1BB47C57004D870E /* CLFilterBase.h */ = {isa = PBXFileReference; fileEncoding = 4; lastKnownFileType = sourcecode.c.h; path = CLFilterBase.h; sourceTree = "<group>"; };
		EBE25B5E1BB47C57004D870E /* CLFilterBase.m */ = {isa = PBXFileReference; fileEncoding = 4; lastKnownFileType = sourcecode.c.objc; path = CLFilterBase.m; sourceTree = "<group>"; };
		EBE25B5F1BB47C57004D870E /* CLFilterTool.h */ = {isa = PBXFileReference; fileEncoding = 4; lastKnownFileType = sourcecode.c.h; path = CLFilterTool.h; sourceTree = "<group>"; };
		EBE25B601BB47C57004D870E /* CLFilterTool.m */ = {isa = PBXFileReference; fileEncoding = 4; lastKnownFileType = sourcecode.c.objc; path = CLFilterTool.m; sourceTree = "<group>"; };
		EBE25B611BB47C57004D870E /* CLImageToolBase.h */ = {isa = PBXFileReference; fileEncoding = 4; lastKnownFileType = sourcecode.c.h; path = CLImageToolBase.h; sourceTree = "<group>"; };
		EBE25B621BB47C57004D870E /* CLImageToolBase.m */ = {isa = PBXFileReference; fileEncoding = 4; lastKnownFileType = sourcecode.c.objc; path = CLImageToolBase.m; sourceTree = "<group>"; };
		EBE25B641BB47C57004D870E /* CLRotateTool.h */ = {isa = PBXFileReference; fileEncoding = 4; lastKnownFileType = sourcecode.c.h; path = CLRotateTool.h; sourceTree = "<group>"; };
		EBE25B651BB47C57004D870E /* CLRotateTool.m */ = {isa = PBXFileReference; fileEncoding = 4; lastKnownFileType = sourcecode.c.objc; path = CLRotateTool.m; sourceTree = "<group>"; };
		EBE25B671BB47C57004D870E /* CLToneCurveTool.h */ = {isa = PBXFileReference; fileEncoding = 4; lastKnownFileType = sourcecode.c.h; path = CLToneCurveTool.h; sourceTree = "<group>"; };
		EBE25B681BB47C57004D870E /* CLToneCurveTool.m */ = {isa = PBXFileReference; fileEncoding = 4; lastKnownFileType = sourcecode.c.objc; path = CLToneCurveTool.m; sourceTree = "<group>"; };
		EBE25B6A1BB47C57004D870E /* CLCircleView.h */ = {isa = PBXFileReference; fileEncoding = 4; lastKnownFileType = sourcecode.c.h; path = CLCircleView.h; sourceTree = "<group>"; };
		EBE25B6B1BB47C57004D870E /* CLCircleView.m */ = {isa = PBXFileReference; fileEncoding = 4; lastKnownFileType = sourcecode.c.objc; path = CLCircleView.m; sourceTree = "<group>"; };
		EBE25B6C1BB47C57004D870E /* CLColorPickerView.h */ = {isa = PBXFileReference; fileEncoding = 4; lastKnownFileType = sourcecode.c.h; path = CLColorPickerView.h; sourceTree = "<group>"; };
		EBE25B6D1BB47C57004D870E /* CLColorPickerView.m */ = {isa = PBXFileReference; fileEncoding = 4; lastKnownFileType = sourcecode.c.objc; path = CLColorPickerView.m; sourceTree = "<group>"; };
		EBE25B6E1BB47C57004D870E /* CLImageEditorTheme+Private.h */ = {isa = PBXFileReference; fileEncoding = 4; lastKnownFileType = sourcecode.c.h; path = "CLImageEditorTheme+Private.h"; sourceTree = "<group>"; };
		EBE25B6F1BB47C57004D870E /* CLImageEditorTheme+Private.m */ = {isa = PBXFileReference; fileEncoding = 4; lastKnownFileType = sourcecode.c.objc; path = "CLImageEditorTheme+Private.m"; sourceTree = "<group>"; };
		EBE25B701BB47C57004D870E /* CLImageToolInfo+Private.h */ = {isa = PBXFileReference; fileEncoding = 4; lastKnownFileType = sourcecode.c.h; path = "CLImageToolInfo+Private.h"; sourceTree = "<group>"; };
		EBE25B711BB47C57004D870E /* CLImageToolInfo+Private.m */ = {isa = PBXFileReference; fileEncoding = 4; lastKnownFileType = sourcecode.c.objc; path = "CLImageToolInfo+Private.m"; sourceTree = "<group>"; };
		EBE25B721BB47C57004D870E /* CLImageToolProtocol.h */ = {isa = PBXFileReference; fileEncoding = 4; lastKnownFileType = sourcecode.c.h; path = CLImageToolProtocol.h; sourceTree = "<group>"; };
		EBE25B731BB47C57004D870E /* CLImageToolSettings.h */ = {isa = PBXFileReference; fileEncoding = 4; lastKnownFileType = sourcecode.c.h; path = CLImageToolSettings.h; sourceTree = "<group>"; };
		EBE25B741BB47C57004D870E /* CLToolbarMenuItem.h */ = {isa = PBXFileReference; fileEncoding = 4; lastKnownFileType = sourcecode.c.h; path = CLToolbarMenuItem.h; sourceTree = "<group>"; };
		EBE25B751BB47C57004D870E /* CLToolbarMenuItem.m */ = {isa = PBXFileReference; fileEncoding = 4; lastKnownFileType = sourcecode.c.objc; path = CLToolbarMenuItem.m; sourceTree = "<group>"; };
		EBE25B761BB47C57004D870E /* UIView+CLImageToolInfo.h */ = {isa = PBXFileReference; fileEncoding = 4; lastKnownFileType = sourcecode.c.h; path = "UIView+CLImageToolInfo.h"; sourceTree = "<group>"; };
		EBE25B771BB47C57004D870E /* UIView+CLImageToolInfo.m */ = {isa = PBXFileReference; fileEncoding = 4; lastKnownFileType = sourcecode.c.objc; path = "UIView+CLImageToolInfo.m"; sourceTree = "<group>"; };
		EBE25B911BB47C75004D870E /* CLClassList.h */ = {isa = PBXFileReference; fileEncoding = 4; lastKnownFileType = sourcecode.c.h; path = CLClassList.h; sourceTree = "<group>"; };
		EBE25B921BB47C75004D870E /* CLClassList.m */ = {isa = PBXFileReference; fileEncoding = 4; lastKnownFileType = sourcecode.c.objc; path = CLClassList.m; sourceTree = "<group>"; };
		EBE25B931BB47C75004D870E /* CLSplineInterpolator.h */ = {isa = PBXFileReference; fileEncoding = 4; lastKnownFileType = sourcecode.c.h; path = CLSplineInterpolator.h; sourceTree = "<group>"; };
		EBE25B941BB47C75004D870E /* CLSplineInterpolator.m */ = {isa = PBXFileReference; fileEncoding = 4; lastKnownFileType = sourcecode.c.objc; path = CLSplineInterpolator.m; sourceTree = "<group>"; };
		EBE25B951BB47C75004D870E /* UIDevice+SystemVersion.h */ = {isa = PBXFileReference; fileEncoding = 4; lastKnownFileType = sourcecode.c.h; path = "UIDevice+SystemVersion.h"; sourceTree = "<group>"; };
		EBE25B961BB47C75004D870E /* UIDevice+SystemVersion.m */ = {isa = PBXFileReference; fileEncoding = 4; lastKnownFileType = sourcecode.c.objc; path = "UIDevice+SystemVersion.m"; sourceTree = "<group>"; };
		EBE25B971BB47C75004D870E /* UIImage+Utility.h */ = {isa = PBXFileReference; fileEncoding = 4; lastKnownFileType = sourcecode.c.h; path = "UIImage+Utility.h"; sourceTree = "<group>"; };
		EBE25B981BB47C75004D870E /* UIImage+Utility.m */ = {isa = PBXFileReference; fileEncoding = 4; lastKnownFileType = sourcecode.c.objc; path = "UIImage+Utility.m"; sourceTree = "<group>"; };
		EBE25B991BB47C75004D870E /* UIView+Frame.h */ = {isa = PBXFileReference; fileEncoding = 4; lastKnownFileType = sourcecode.c.h; path = "UIView+Frame.h"; sourceTree = "<group>"; };
		EBE25B9A1BB47C75004D870E /* UIView+Frame.m */ = {isa = PBXFileReference; fileEncoding = 4; lastKnownFileType = sourcecode.c.objc; path = "UIView+Frame.m"; sourceTree = "<group>"; };
		EBE25B9C1BB47C75004D870E /* _CLImageEditorViewController.h */ = {isa = PBXFileReference; fileEncoding = 4; lastKnownFileType = sourcecode.c.h; path = _CLImageEditorViewController.h; sourceTree = "<group>"; };
		EBE25B9D1BB47C75004D870E /* _CLImageEditorViewController.m */ = {isa = PBXFileReference; fileEncoding = 4; lastKnownFileType = sourcecode.c.objc; path = _CLImageEditorViewController.m; sourceTree = "<group>"; };
		EBE25BA61BBEFE3A004D870E /* AssetsLibrary.framework */ = {isa = PBXFileReference; lastKnownFileType = wrapper.framework; name = AssetsLibrary.framework; path = System/Library/Frameworks/AssetsLibrary.framework; sourceTree = SDKROOT; };
/* End PBXFileReference section */

/* Begin PBXFrameworksBuildPhase section */
		3D4463821B81490B00F4E05A /* Frameworks */ = {
			isa = PBXFrameworksBuildPhase;
			buildActionMask = 2147483647;
			files = (
				EBE25BA71BBEFE3A004D870E /* AssetsLibrary.framework in Frameworks */,
				EBE25B391BB47B85004D870E /* Foundation.framework in Frameworks */,
				EBE25B371BB47B27004D870E /* UIKit.framework in Frameworks */,
				EB3114FF1BB387700095EE29 /* CoreImage.framework in Frameworks */,
				EB3114FD1BB387680095EE29 /* CoreGraphics.framework in Frameworks */,
				EB3114FB1BB3875F0095EE29 /* Accelerate.framework in Frameworks */,
				3D9FF5E41B8A460F0042EC2C /* QuickLook.framework in Frameworks */,
			);
			runOnlyForDeploymentPostprocessing = 0;
		};
		3D44639B1B81490B00F4E05A /* Frameworks */ = {
			isa = PBXFrameworksBuildPhase;
			buildActionMask = 2147483647;
			files = (
			);
			runOnlyForDeploymentPostprocessing = 0;
		};
/* End PBXFrameworksBuildPhase section */

/* Begin PBXGroup section */
		3D44637C1B81490B00F4E05A = {
			isa = PBXGroup;
			children = (
				3D4463871B81490B00F4E05A /* CardKive */,
				3D4463A11B81490B00F4E05A /* CardKiveTests */,
				3D4463861B81490B00F4E05A /* Products */,
			);
			sourceTree = "<group>";
		};
		3D4463861B81490B00F4E05A /* Products */ = {
			isa = PBXGroup;
			children = (
				3D4463851B81490B00F4E05A /* CardKive.app */,
				3D44639E1B81490B00F4E05A /* CardKiveTests.xctest */,
			);
			name = Products;
			sourceTree = "<group>";
		};
		3D4463871B81490B00F4E05A /* CardKive */ = {
			isa = PBXGroup;
			children = (
				3D4463BC1B81723E00F4E05A /* global.h */,
				3D4463BD1B81723E00F4E05A /* global.m */,
				3D44638C1B81490B00F4E05A /* AppDelegate.h */,
				3D44638D1B81490B00F4E05A /* AppDelegate.m */,
				3D44638F1B81490B00F4E05A /* ViewController.h */,
				3D4463901B81490B00F4E05A /* ViewController.m */,
				3D4463B61B816E7100F4E05A /* RegisterViewController.h */,
				3D4463B71B816E7100F4E05A /* RegisterViewController.m */,
				3D4463B91B816EB200F4E05A /* MenuViewController.h */,
				3D4463BA1B816EB200F4E05A /* MenuViewController.m */,
				EBE25B211BB478AB004D870E /* cardEditViewController.h */,
				EBE25B221BB478AB004D870E /* cardEditViewController.m */,
				3D9FF5DE1B8A38E50042EC2C /* AccountViewController.h */,
				3D9FF5DF1B8A38E50042EC2C /* AccountViewController.m */,
				3D9FF5E51B8A4CDE0042EC2C /* UserInfoViewController.h */,
				3D9FF5E61B8A4CDE0042EC2C /* UserInfoViewController.m */,
				3D8BF2871B9BB59D00CEAFC3 /* cameraViewController.h */,
				3D8BF2881B9BB59D00CEAFC3 /* cameraViewController.m */,
				3D9FF5E81B8A51F20042EC2C /* Main.storyboard */,
				3D4463951B81490B00F4E05A /* Images.xcassets */,
				3D4463971B81490B00F4E05A /* LaunchScreen.xib */,
				EBE25B241BB47960004D870E /* CLIImageEditor */,
				3D4463B21B815F8B00F4E05A /* Images */,
				EBE25B3A1BB47BBE004D870E /* Frameworks */,
				3D4463881B81490B00F4E05A /* Supporting Files */,
			);
			path = CardKive;
			sourceTree = "<group>";
		};
		3D4463881B81490B00F4E05A /* Supporting Files */ = {
			isa = PBXGroup;
			children = (
				3D9FF5E11B8A42280042EC2C /* Policy.pdf */,
				3D4463891B81490B00F4E05A /* Info.plist */,
				3D44638A1B81490B00F4E05A /* main.m */,
			);
			name = "Supporting Files";
			sourceTree = "<group>";
		};
		3D4463A11B81490B00F4E05A /* CardKiveTests */ = {
			isa = PBXGroup;
			children = (
				3D4463A41B81490B00F4E05A /* CardKiveTests.m */,
				3D4463A21B81490B00F4E05A /* Supporting Files */,
			);
			path = CardKiveTests;
			sourceTree = "<group>";
		};
		3D4463A21B81490B00F4E05A /* Supporting Files */ = {
			isa = PBXGroup;
			children = (
				3D4463A31B81490B00F4E05A /* Info.plist */,
			);
			name = "Supporting Files";
			sourceTree = "<group>";
		};
		3D4463B21B815F8B00F4E05A /* Images */ = {
			isa = PBXGroup;
			children = (
				EB0C29301BD9A0C8005C9FA0 /* Menu Page */,
				EBCDCAF31BD55EFC008F1A0A /* Register Page */,
				EBCDCAEE1BD55B2D008F1A0A /* Login Page */,
				EBA03B921BC337B5002B8722 /* AppIcons */,
				3D8BF28A1B9BD5FA00CEAFC3 /* TempCards */,
				EBCDCAF11BD55D0E008F1A0A /* blue background.png */,
				EBCDCAE81BD55379008F1A0A /* edit.png */,
				EBCDCAE91BD55379008F1A0A /* save.png */,
				EBCDCAEA1BD55379008F1A0A /* delete.png */,
			);
			name = Images;
			sourceTree = "<group>";
		};
		3D8BF28A1B9BD5FA00CEAFC3 /* TempCards */ = {
			isa = PBXGroup;
			children = (
				EBD9D1991BA9FB0200172CAC /* open.jpeg */,
				3D8BF28B1B9BD60B00CEAFC3 /* 10.jpg */,
				3D8BF28C1B9BD60B00CEAFC3 /* 1.jpg */,
				3D8BF28D1B9BD60B00CEAFC3 /* 6.jpg */,
				3D8BF28E1B9BD60B00CEAFC3 /* 2.jpg */,
				3D8BF28F1B9BD60B00CEAFC3 /* 8.jpg */,
				3D8BF2901B9BD60B00CEAFC3 /* 4.jpg */,
				3D8BF2911B9BD60B00CEAFC3 /* 9.jpg */,
				3D8BF2921B9BD60B00CEAFC3 /* 5.jpg */,
				3D8BF2931B9BD60B00CEAFC3 /* 3.jpg */,
				3D8BF2941B9BD60B00CEAFC3 /* 7.jpg */,
			);
			name = TempCards;
			sourceTree = "<group>";
		};
		EB0C29301BD9A0C8005C9FA0 /* Menu Page */ = {
			isa = PBXGroup;
			children = (
				EB0C29371BD9A105005C9FA0 /* button@2x.png */,
				EB0C29381BD9A105005C9FA0 /* divider_bar@2x.png */,
				EB0C29391BD9A105005C9FA0 /* polaroid1_border@2x.png */,
				EB0C293A1BD9A105005C9FA0 /* pushpin@2x.png */,
				EB0C29351BD9A0EA005C9FA0 /* search_field@2x.png */,
				EB0C29331BD9A0E5005C9FA0 /* search_text@2x.png */,
				EB0C29311BD9A0D8005C9FA0 /* bg_cork@2x.png */,
			);
			name = "Menu Page";
			sourceTree = "<group>";
		};
		EBA03B921BC337B5002B8722 /* AppIcons */ = {
			isa = PBXGroup;
			children = (
				EBA03BA31BC33A99002B8722 /* 58x58_logo.png */,
				EBA03BA41BC33A99002B8722 /* 87x87_logo.png */,
				EBA03B9B1BC33A88002B8722 /* 80x80_logo.png */,
				EBA03B9C1BC33A88002B8722 /* 180x180_logo.png */,
				EBA03B9D1BC33A88002B8722 /* 120x120_logo.png */,
				EBA03B9E1BC33A88002B8722 /* 152x152_logo.png */,
				EBA03B931BC337D0002B8722 /* 60x60_logo.png */,
				EBA03B941BC337D0002B8722 /* 29x29_logo.png */,
				EBA03B951BC337D0002B8722 /* 76x76_logo.png */,
				EBA03B961BC337D0002B8722 /* 40x40_logo.png */,
			);
			name = AppIcons;
			sourceTree = "<group>";
		};
		EBCDCAEE1BD55B2D008F1A0A /* Login Page */ = {
			isa = PBXGroup;
			children = (
				EBCDCAEF1BD55B45008F1A0A /* background_login.png */,
				3D4463AE1B815F8200F4E05A /* checkbox_unchecked.png */,
				3D4463AF1B815F8200F4E05A /* checkbox.png */,
			);
			name = "Login Page";
			sourceTree = "<group>";
		};
		EBCDCAF31BD55EFC008F1A0A /* Register Page */ = {
			isa = PBXGroup;
			children = (
				EBCDCAF41BD55F14008F1A0A /* background_register.png */,
			);
			name = "Register Page";
			sourceTree = "<group>";
		};
		EBE25B241BB47960004D870E /* CLIImageEditor */ = {
			isa = PBXGroup;
			children = (
				EBE25B3B1BB47BDD004D870E /* ImageTools */,
				EBE25B901BB47C75004D870E /* Utils */,
				EBE25B9B1BB47C75004D870E /* ViewController */,
				EBE25B251BB47970004D870E /* CLImageEditor.bundle */,
				EBE25B261BB47970004D870E /* CLImageEditor.h */,
				EBE25B271BB47970004D870E /* CLImageEditor.m */,
				EBE25B281BB47970004D870E /* CLImageEditorTheme.h */,
				EBE25B291BB47970004D870E /* CLImageEditorTheme.m */,
				EBE25B2A1BB47970004D870E /* CLImageToolInfo.h */,
				EBE25B2B1BB47970004D870E /* CLImageToolInfo.m */,
			);
			name = CLIImageEditor;
			sourceTree = "<group>";
		};
		EBE25B3A1BB47BBE004D870E /* Frameworks */ = {
			isa = PBXGroup;
			children = (
				EBE25BA61BBEFE3A004D870E /* AssetsLibrary.framework */,
				EBE25B381BB47B85004D870E /* Foundation.framework */,
				EBE25B361BB47B27004D870E /* UIKit.framework */,
				EB3114FE1BB387700095EE29 /* CoreImage.framework */,
				EB3114FC1BB387680095EE29 /* CoreGraphics.framework */,
				EB3114FA1BB3875F0095EE29 /* Accelerate.framework */,
				3D9FF5E31B8A460F0042EC2C /* QuickLook.framework */,
			);
			name = Frameworks;
			path = ..;
			sourceTree = "<group>";
		};
		EBE25B3B1BB47BDD004D870E /* ImageTools */ = {
			isa = PBXGroup;
			children = (
				EBE25B3C1BB47C57004D870E /* CLAdjustmentTool */,
				EBE25B3F1BB47C57004D870E /* CLBlurTool */,
				EBE25B421BB47C57004D870E /* CLClippingTool */,
				EBE25B451BB47C57004D870E /* CLDrawTool */,
				EBE25B481BB47C57004D870E /* CLEffectTool */,
				EBE25B5C1BB47C57004D870E /* CLFilterTool */,
				EBE25B611BB47C57004D870E /* CLImageToolBase.h */,
				EBE25B621BB47C57004D870E /* CLImageToolBase.m */,
				EBE25B631BB47C57004D870E /* CLRotateTool */,
				EBE25B661BB47C57004D870E /* CLToneCurveTool */,
				EBE25B691BB47C57004D870E /* ToolSettings */,
			);
			name = ImageTools;
			sourceTree = "<group>";
		};
		EBE25B3C1BB47C57004D870E /* CLAdjustmentTool */ = {
			isa = PBXGroup;
			children = (
				EBE25B3D1BB47C57004D870E /* CLAdjustmentTool.h */,
				EBE25B3E1BB47C57004D870E /* CLAdjustmentTool.m */,
			);
			path = CLAdjustmentTool;
			sourceTree = "<group>";
		};
		EBE25B3F1BB47C57004D870E /* CLBlurTool */ = {
			isa = PBXGroup;
			children = (
				EBE25B401BB47C57004D870E /* CLBlurTool.h */,
				EBE25B411BB47C57004D870E /* CLBlurTool.m */,
			);
			path = CLBlurTool;
			sourceTree = "<group>";
		};
		EBE25B421BB47C57004D870E /* CLClippingTool */ = {
			isa = PBXGroup;
			children = (
				EBE25B431BB47C57004D870E /* CLClippingTool.h */,
				EBE25B441BB47C57004D870E /* CLClippingTool.m */,
			);
			path = CLClippingTool;
			sourceTree = "<group>";
		};
		EBE25B451BB47C57004D870E /* CLDrawTool */ = {
			isa = PBXGroup;
			children = (
				EBE25B461BB47C57004D870E /* CLDrawTool.h */,
				EBE25B471BB47C57004D870E /* CLDrawTool.m */,
			);
			path = CLDrawTool;
			sourceTree = "<group>";
		};
		EBE25B481BB47C57004D870E /* CLEffectTool */ = {
			isa = PBXGroup;
			children = (
				EBE25B491BB47C57004D870E /* CLEffect */,
				EBE25B581BB47C57004D870E /* CLEffectBase.h */,
				EBE25B591BB47C57004D870E /* CLEffectBase.m */,
				EBE25B5A1BB47C57004D870E /* CLEffectTool.h */,
				EBE25B5B1BB47C57004D870E /* CLEffectTool.m */,
			);
			path = CLEffectTool;
			sourceTree = "<group>";
		};
		EBE25B491BB47C57004D870E /* CLEffect */ = {
			isa = PBXGroup;
			children = (
				EBE25B4A1BB47C57004D870E /* CLBloomEffect.h */,
				EBE25B4B1BB47C57004D870E /* CLBloomEffect.m */,
				EBE25B4C1BB47C57004D870E /* CLGloomEffect.h */,
				EBE25B4D1BB47C57004D870E /* CLGloomEffect.m */,
				EBE25B4E1BB47C57004D870E /* CLHighlightShadowEffect.h */,
				EBE25B4F1BB47C57004D870E /* CLHighlightShadowEffect.m */,
				EBE25B501BB47C57004D870E /* CLHueEffect.h */,
				EBE25B511BB47C57004D870E /* CLHueEffect.m */,
				EBE25B521BB47C57004D870E /* CLPixellateEffect.h */,
				EBE25B531BB47C57004D870E /* CLPixellateEffect.m */,
				EBE25B541BB47C57004D870E /* CLPosterizeEffect.h */,
				EBE25B551BB47C57004D870E /* CLPosterizeEffect.m */,
				EBE25B561BB47C57004D870E /* CLSpotEffect.h */,
				EBE25B571BB47C57004D870E /* CLSpotEffect.m */,
			);
			path = CLEffect;
			sourceTree = "<group>";
		};
		EBE25B5C1BB47C57004D870E /* CLFilterTool */ = {
			isa = PBXGroup;
			children = (
				EBE25B5D1BB47C57004D870E /* CLFilterBase.h */,
				EBE25B5E1BB47C57004D870E /* CLFilterBase.m */,
				EBE25B5F1BB47C57004D870E /* CLFilterTool.h */,
				EBE25B601BB47C57004D870E /* CLFilterTool.m */,
			);
			path = CLFilterTool;
			sourceTree = "<group>";
		};
		EBE25B631BB47C57004D870E /* CLRotateTool */ = {
			isa = PBXGroup;
			children = (
				EBE25B641BB47C57004D870E /* CLRotateTool.h */,
				EBE25B651BB47C57004D870E /* CLRotateTool.m */,
			);
			path = CLRotateTool;
			sourceTree = "<group>";
		};
		EBE25B661BB47C57004D870E /* CLToneCurveTool */ = {
			isa = PBXGroup;
			children = (
				EBE25B671BB47C57004D870E /* CLToneCurveTool.h */,
				EBE25B681BB47C57004D870E /* CLToneCurveTool.m */,
			);
			path = CLToneCurveTool;
			sourceTree = "<group>";
		};
		EBE25B691BB47C57004D870E /* ToolSettings */ = {
			isa = PBXGroup;
			children = (
				EBE25B6A1BB47C57004D870E /* CLCircleView.h */,
				EBE25B6B1BB47C57004D870E /* CLCircleView.m */,
				EBE25B6C1BB47C57004D870E /* CLColorPickerView.h */,
				EBE25B6D1BB47C57004D870E /* CLColorPickerView.m */,
				EBE25B6E1BB47C57004D870E /* CLImageEditorTheme+Private.h */,
				EBE25B6F1BB47C57004D870E /* CLImageEditorTheme+Private.m */,
				EBE25B701BB47C57004D870E /* CLImageToolInfo+Private.h */,
				EBE25B711BB47C57004D870E /* CLImageToolInfo+Private.m */,
				EBE25B721BB47C57004D870E /* CLImageToolProtocol.h */,
				EBE25B731BB47C57004D870E /* CLImageToolSettings.h */,
				EBE25B741BB47C57004D870E /* CLToolbarMenuItem.h */,
				EBE25B751BB47C57004D870E /* CLToolbarMenuItem.m */,
				EBE25B761BB47C57004D870E /* UIView+CLImageToolInfo.h */,
				EBE25B771BB47C57004D870E /* UIView+CLImageToolInfo.m */,
			);
			path = ToolSettings;
			sourceTree = "<group>";
		};
		EBE25B901BB47C75004D870E /* Utils */ = {
			isa = PBXGroup;
			children = (
				EBE25B911BB47C75004D870E /* CLClassList.h */,
				EBE25B921BB47C75004D870E /* CLClassList.m */,
				EBE25B931BB47C75004D870E /* CLSplineInterpolator.h */,
				EBE25B941BB47C75004D870E /* CLSplineInterpolator.m */,
				EBE25B951BB47C75004D870E /* UIDevice+SystemVersion.h */,
				EBE25B961BB47C75004D870E /* UIDevice+SystemVersion.m */,
				EBE25B971BB47C75004D870E /* UIImage+Utility.h */,
				EBE25B981BB47C75004D870E /* UIImage+Utility.m */,
				EBE25B991BB47C75004D870E /* UIView+Frame.h */,
				EBE25B9A1BB47C75004D870E /* UIView+Frame.m */,
			);
			path = Utils;
			sourceTree = "<group>";
		};
		EBE25B9B1BB47C75004D870E /* ViewController */ = {
			isa = PBXGroup;
			children = (
				EBE25B9C1BB47C75004D870E /* _CLImageEditorViewController.h */,
				EBE25B9D1BB47C75004D870E /* _CLImageEditorViewController.m */,
			);
			path = ViewController;
			sourceTree = "<group>";
		};
/* End PBXGroup section */

/* Begin PBXNativeTarget section */
		3D4463841B81490B00F4E05A /* CardKive */ = {
			isa = PBXNativeTarget;
			buildConfigurationList = 3D4463A81B81490B00F4E05A /* Build configuration list for PBXNativeTarget "CardKive" */;
			buildPhases = (
				3D4463811B81490B00F4E05A /* Sources */,
				3D4463821B81490B00F4E05A /* Frameworks */,
				3D4463831B81490B00F4E05A /* Resources */,
			);
			buildRules = (
			);
			dependencies = (
			);
			name = CardKive;
			productName = CardKive;
			productReference = 3D4463851B81490B00F4E05A /* CardKive.app */;
			productType = "com.apple.product-type.application";
		};
		3D44639D1B81490B00F4E05A /* CardKiveTests */ = {
			isa = PBXNativeTarget;
			buildConfigurationList = 3D4463AB1B81490B00F4E05A /* Build configuration list for PBXNativeTarget "CardKiveTests" */;
			buildPhases = (
				3D44639A1B81490B00F4E05A /* Sources */,
				3D44639B1B81490B00F4E05A /* Frameworks */,
				3D44639C1B81490B00F4E05A /* Resources */,
			);
			buildRules = (
			);
			dependencies = (
				3D4463A01B81490B00F4E05A /* PBXTargetDependency */,
			);
			name = CardKiveTests;
			productName = CardKiveTests;
			productReference = 3D44639E1B81490B00F4E05A /* CardKiveTests.xctest */;
			productType = "com.apple.product-type.bundle.unit-test";
		};
/* End PBXNativeTarget section */

/* Begin PBXProject section */
		3D44637D1B81490B00F4E05A /* Project object */ = {
			isa = PBXProject;
			attributes = {
				LastUpgradeCheck = 0700;
				ORGANIZATIONNAME = 99Ideas;
				TargetAttributes = {
					3D4463841B81490B00F4E05A = {
						CreatedOnToolsVersion = 6.4;
						DevelopmentTeam = A9HC5S4EM6;
					};
					3D44639D1B81490B00F4E05A = {
						CreatedOnToolsVersion = 6.4;
						TestTargetID = 3D4463841B81490B00F4E05A;
					};
				};
			};
			buildConfigurationList = 3D4463801B81490B00F4E05A /* Build configuration list for PBXProject "CardKive" */;
			compatibilityVersion = "Xcode 3.2";
			developmentRegion = English;
			hasScannedForEncodings = 0;
			knownRegions = (
				en,
				Base,
			);
			mainGroup = 3D44637C1B81490B00F4E05A;
			productRefGroup = 3D4463861B81490B00F4E05A /* Products */;
			projectDirPath = "";
			projectRoot = "";
			targets = (
				3D4463841B81490B00F4E05A /* CardKive */,
				3D44639D1B81490B00F4E05A /* CardKiveTests */,
			);
		};
/* End PBXProject section */

/* Begin PBXResourcesBuildPhase section */
		3D4463831B81490B00F4E05A /* Resources */ = {
			isa = PBXResourcesBuildPhase;
			buildActionMask = 2147483647;
			files = (
				EBA03B981BC337D0002B8722 /* 29x29_logo.png in Resources */,
				EBCDCAF51BD55F14008F1A0A /* background_register.png in Resources */,
				3D8BF29D1B9BD60B00CEAFC3 /* 3.jpg in Resources */,
				EBA03BA21BC33A88002B8722 /* 152x152_logo.png in Resources */,
				3D8BF29B1B9BD60B00CEAFC3 /* 9.jpg in Resources */,
				EBE25B2F1BB47970004D870E /* CLImageEditor.bundle in Resources */,
				EB0C29341BD9A0E5005C9FA0 /* search_text@2x.png in Resources */,
				3D8BF29A1B9BD60B00CEAFC3 /* 4.jpg in Resources */,
				EBCDCAF01BD55B45008F1A0A /* background_login.png in Resources */,
				EBA03B9A1BC337D0002B8722 /* 40x40_logo.png in Resources */,
				3D8BF2991B9BD60B00CEAFC3 /* 8.jpg in Resources */,
				EBA03BA61BC33A99002B8722 /* 87x87_logo.png in Resources */,
				3D8BF2971B9BD60B00CEAFC3 /* 6.jpg in Resources */,
				EBCDCAEB1BD55379008F1A0A /* edit.png in Resources */,
				EB0C293D1BD9A105005C9FA0 /* polaroid1_border@2x.png in Resources */,
				EBA03B9F1BC33A88002B8722 /* 80x80_logo.png in Resources */,
				EBA03BA51BC33A99002B8722 /* 58x58_logo.png in Resources */,
				3D4463B11B815F8200F4E05A /* checkbox.png in Resources */,
				3D8BF2981B9BD60B00CEAFC3 /* 2.jpg in Resources */,
				EBCDCAED1BD55379008F1A0A /* delete.png in Resources */,
				3D8BF2951B9BD60B00CEAFC3 /* 10.jpg in Resources */,
				EBA03BA01BC33A88002B8722 /* 180x180_logo.png in Resources */,
				EBA03B991BC337D0002B8722 /* 76x76_logo.png in Resources */,
				EB0C29321BD9A0D8005C9FA0 /* bg_cork@2x.png in Resources */,
				3D4463B01B815F8200F4E05A /* checkbox_unchecked.png in Resources */,
				EB0C293B1BD9A105005C9FA0 /* button@2x.png in Resources */,
				3D4463991B81490B00F4E05A /* LaunchScreen.xib in Resources */,
				EBA03BA11BC33A88002B8722 /* 120x120_logo.png in Resources */,
				3D9FF5EA1B8A51F20042EC2C /* Main.storyboard in Resources */,
				3D8BF29E1B9BD60B00CEAFC3 /* 7.jpg in Resources */,
				EBCDCAF21BD55D0E008F1A0A /* blue background.png in Resources */,
				3D8BF2961B9BD60B00CEAFC3 /* 1.jpg in Resources */,
				EBCDCAEC1BD55379008F1A0A /* save.png in Resources */,
				3D8BF29C1B9BD60B00CEAFC3 /* 5.jpg in Resources */,
				EB0C293C1BD9A105005C9FA0 /* divider_bar@2x.png in Resources */,
				3D4463961B81490B00F4E05A /* Images.xcassets in Resources */,
				EBA03B971BC337D0002B8722 /* 60x60_logo.png in Resources */,
				EB0C293E1BD9A105005C9FA0 /* pushpin@2x.png in Resources */,
				EB0C29361BD9A0EA005C9FA0 /* search_field@2x.png in Resources */,
				3D9FF5E21B8A42280042EC2C /* Policy.pdf in Resources */,
				EBD9D19A1BA9FB0200172CAC /* open.jpeg in Resources */,
			);
			runOnlyForDeploymentPostprocessing = 0;
		};
		3D44639C1B81490B00F4E05A /* Resources */ = {
			isa = PBXResourcesBuildPhase;
			buildActionMask = 2147483647;
			files = (
			);
			runOnlyForDeploymentPostprocessing = 0;
		};
/* End PBXResourcesBuildPhase section */

/* Begin PBXSourcesBuildPhase section */
		3D4463811B81490B00F4E05A /* Sources */ = {
			isa = PBXSourcesBuildPhase;
			buildActionMask = 2147483647;
			files = (
				EBE25B7F1BB47C57004D870E /* CLHueEffect.m in Sources */,
				EBE25B7A1BB47C57004D870E /* CLClippingTool.m in Sources */,
				3D4463911B81490B00F4E05A /* ViewController.m in Sources */,
				3D8BF2891B9BB59D00CEAFC3 /* cameraViewController.m in Sources */,
				EBE25B311BB47970004D870E /* CLImageEditorTheme.m in Sources */,
				EBE25B801BB47C57004D870E /* CLPixellateEffect.m in Sources */,
				EBE25B831BB47C57004D870E /* CLEffectBase.m in Sources */,
				EBE25B881BB47C57004D870E /* CLRotateTool.m in Sources */,
				EBE25B7D1BB47C57004D870E /* CLGloomEffect.m in Sources */,
				EBE25B8F1BB47C57004D870E /* UIView+CLImageToolInfo.m in Sources */,
				EBE25B7E1BB47C57004D870E /* CLHighlightShadowEffect.m in Sources */,
				EBE25B851BB47C57004D870E /* CLFilterBase.m in Sources */,
				EBE25B231BB478AB004D870E /* cardEditViewController.m in Sources */,
				EBE25BA21BB47C75004D870E /* UIView+Frame.m in Sources */,
				3D44638E1B81490B00F4E05A /* AppDelegate.m in Sources */,
				EBE25B9F1BB47C75004D870E /* CLSplineInterpolator.m in Sources */,
				3D9FF5E01B8A38E50042EC2C /* AccountViewController.m in Sources */,
				EBE25B7C1BB47C57004D870E /* CLBloomEffect.m in Sources */,
				3D4463BE1B81723E00F4E05A /* global.m in Sources */,
				EBE25B7B1BB47C57004D870E /* CLDrawTool.m in Sources */,
				EBE25B8C1BB47C57004D870E /* CLImageEditorTheme+Private.m in Sources */,
				EBE25B781BB47C57004D870E /* CLAdjustmentTool.m in Sources */,
				EBE25B841BB47C57004D870E /* CLEffectTool.m in Sources */,
				EBE25BA11BB47C75004D870E /* UIImage+Utility.m in Sources */,
				EBE25B8B1BB47C57004D870E /* CLColorPickerView.m in Sources */,
				EBE25B8E1BB47C57004D870E /* CLToolbarMenuItem.m in Sources */,
				EBE25B8D1BB47C57004D870E /* CLImageToolInfo+Private.m in Sources */,
				EBE25B8A1BB47C57004D870E /* CLCircleView.m in Sources */,
				EBE25B891BB47C57004D870E /* CLToneCurveTool.m in Sources */,
				EBE25B9E1BB47C75004D870E /* CLClassList.m in Sources */,
				EBE25B791BB47C57004D870E /* CLBlurTool.m in Sources */,
				3D44638B1B81490B00F4E05A /* main.m in Sources */,
				EBE25B871BB47C57004D870E /* CLImageToolBase.m in Sources */,
				3D9FF5E71B8A4CDE0042EC2C /* UserInfoViewController.m in Sources */,
				3D4463B81B816E7100F4E05A /* RegisterViewController.m in Sources */,
				3D4463BB1B816EB200F4E05A /* MenuViewController.m in Sources */,
				EBE25B861BB47C57004D870E /* CLFilterTool.m in Sources */,
				EBE25B321BB47970004D870E /* CLImageToolInfo.m in Sources */,
				EBE25B301BB47970004D870E /* CLImageEditor.m in Sources */,
				EBE25BA31BB47C75004D870E /* _CLImageEditorViewController.m in Sources */,
				EBE25BA01BB47C75004D870E /* UIDevice+SystemVersion.m in Sources */,
				EBE25B811BB47C57004D870E /* CLPosterizeEffect.m in Sources */,
				EBE25B821BB47C57004D870E /* CLSpotEffect.m in Sources */,
			);
			runOnlyForDeploymentPostprocessing = 0;
		};
		3D44639A1B81490B00F4E05A /* Sources */ = {
			isa = PBXSourcesBuildPhase;
			buildActionMask = 2147483647;
			files = (
				3D4463A51B81490B00F4E05A /* CardKiveTests.m in Sources */,
			);
			runOnlyForDeploymentPostprocessing = 0;
		};
/* End PBXSourcesBuildPhase section */

/* Begin PBXTargetDependency section */
		3D4463A01B81490B00F4E05A /* PBXTargetDependency */ = {
			isa = PBXTargetDependency;
			target = 3D4463841B81490B00F4E05A /* CardKive */;
			targetProxy = 3D44639F1B81490B00F4E05A /* PBXContainerItemProxy */;
		};
/* End PBXTargetDependency section */

/* Begin PBXVariantGroup section */
		3D4463971B81490B00F4E05A /* LaunchScreen.xib */ = {
			isa = PBXVariantGroup;
			children = (
				3D4463981B81490B00F4E05A /* Base */,
			);
			name = LaunchScreen.xib;
			sourceTree = "<group>";
		};
		3D9FF5E81B8A51F20042EC2C /* Main.storyboard */ = {
			isa = PBXVariantGroup;
			children = (
				3D9FF5E91B8A51F20042EC2C /* Base */,
			);
			name = Main.storyboard;
			sourceTree = "<group>";
		};
/* End PBXVariantGroup section */

/* Begin XCBuildConfiguration section */
		3D4463A61B81490B00F4E05A /* Debug */ = {
			isa = XCBuildConfiguration;
			buildSettings = {
				ALWAYS_SEARCH_USER_PATHS = NO;
				CLANG_CXX_LANGUAGE_STANDARD = "gnu++0x";
				CLANG_CXX_LIBRARY = "libc++";
				CLANG_ENABLE_MODULES = YES;
				CLANG_ENABLE_OBJC_ARC = YES;
				CLANG_WARN_BOOL_CONVERSION = YES;
				CLANG_WARN_CONSTANT_CONVERSION = YES;
				CLANG_WARN_DIRECT_OBJC_ISA_USAGE = YES_ERROR;
				CLANG_WARN_EMPTY_BODY = YES;
				CLANG_WARN_ENUM_CONVERSION = YES;
				CLANG_WARN_INT_CONVERSION = YES;
				CLANG_WARN_OBJC_ROOT_CLASS = YES_ERROR;
				CLANG_WARN_UNREACHABLE_CODE = YES;
				CLANG_WARN__DUPLICATE_METHOD_MATCH = YES;
				"CODE_SIGN_IDENTITY[sdk=iphoneos*]" = "iPhone Developer";
				COPY_PHASE_STRIP = NO;
				DEBUG_INFORMATION_FORMAT = "dwarf-with-dsym";
				ENABLE_STRICT_OBJC_MSGSEND = YES;
				ENABLE_TESTABILITY = YES;
				GCC_C_LANGUAGE_STANDARD = gnu99;
				GCC_DYNAMIC_NO_PIC = NO;
				GCC_NO_COMMON_BLOCKS = YES;
				GCC_OPTIMIZATION_LEVEL = 0;
				GCC_PREPROCESSOR_DEFINITIONS = (
					"DEBUG=1",
					"$(inherited)",
				);
				GCC_SYMBOLS_PRIVATE_EXTERN = NO;
				GCC_WARN_64_TO_32_BIT_CONVERSION = YES;
				GCC_WARN_ABOUT_RETURN_TYPE = YES_ERROR;
				GCC_WARN_UNDECLARED_SELECTOR = YES;
				GCC_WARN_UNINITIALIZED_AUTOS = YES_AGGRESSIVE;
				GCC_WARN_UNUSED_FUNCTION = YES;
				GCC_WARN_UNUSED_VARIABLE = YES;
				IPHONEOS_DEPLOYMENT_TARGET = 8.4;
				MTL_ENABLE_DEBUG_INFO = YES;
				ONLY_ACTIVE_ARCH = YES;
				SDKROOT = iphoneos;
				TARGETED_DEVICE_FAMILY = "1,2";
			};
			name = Debug;
		};
		3D4463A71B81490B00F4E05A /* Release */ = {
			isa = XCBuildConfiguration;
			buildSettings = {
				ALWAYS_SEARCH_USER_PATHS = NO;
				CLANG_CXX_LANGUAGE_STANDARD = "gnu++0x";
				CLANG_CXX_LIBRARY = "libc++";
				CLANG_ENABLE_MODULES = YES;
				CLANG_ENABLE_OBJC_ARC = YES;
				CLANG_WARN_BOOL_CONVERSION = YES;
				CLANG_WARN_CONSTANT_CONVERSION = YES;
				CLANG_WARN_DIRECT_OBJC_ISA_USAGE = YES_ERROR;
				CLANG_WARN_EMPTY_BODY = YES;
				CLANG_WARN_ENUM_CONVERSION = YES;
				CLANG_WARN_INT_CONVERSION = YES;
				CLANG_WARN_OBJC_ROOT_CLASS = YES_ERROR;
				CLANG_WARN_UNREACHABLE_CODE = YES;
				CLANG_WARN__DUPLICATE_METHOD_MATCH = YES;
				"CODE_SIGN_IDENTITY[sdk=iphoneos*]" = "iPhone Developer";
				COPY_PHASE_STRIP = NO;
				DEBUG_INFORMATION_FORMAT = "dwarf-with-dsym";
				ENABLE_NS_ASSERTIONS = NO;
				ENABLE_STRICT_OBJC_MSGSEND = YES;
				GCC_C_LANGUAGE_STANDARD = gnu99;
				GCC_NO_COMMON_BLOCKS = YES;
				GCC_WARN_64_TO_32_BIT_CONVERSION = YES;
				GCC_WARN_ABOUT_RETURN_TYPE = YES_ERROR;
				GCC_WARN_UNDECLARED_SELECTOR = YES;
				GCC_WARN_UNINITIALIZED_AUTOS = YES_AGGRESSIVE;
				GCC_WARN_UNUSED_FUNCTION = YES;
				GCC_WARN_UNUSED_VARIABLE = YES;
				IPHONEOS_DEPLOYMENT_TARGET = 8.4;
				MTL_ENABLE_DEBUG_INFO = NO;
				SDKROOT = iphoneos;
				TARGETED_DEVICE_FAMILY = "1,2";
				VALIDATE_PRODUCT = YES;
			};
			name = Release;
		};
		3D4463A91B81490B00F4E05A /* Debug */ = {
			isa = XCBuildConfiguration;
			buildSettings = {
				ASSETCATALOG_COMPILER_APPICON_NAME = AppIcon;
				CODE_SIGN_IDENTITY = "iPhone Developer";
				"CODE_SIGN_IDENTITY[sdk=iphoneos*]" = "iPhone Developer";
				INFOPLIST_FILE = CardKive/Info.plist;
				LD_RUNPATH_SEARCH_PATHS = "$(inherited) @executable_path/Frameworks";
				PRODUCT_BUNDLE_IDENTIFIER = "com.mycardkive.$(PRODUCT_NAME:rfc1034identifier)";
				PRODUCT_NAME = "$(TARGET_NAME)";
				PROVISIONING_PROFILE = "";
				TARGETED_DEVICE_FAMILY = 1;
			};
			name = Debug;
		};
		3D4463AA1B81490B00F4E05A /* Release */ = {
			isa = XCBuildConfiguration;
			buildSettings = {
				ASSETCATALOG_COMPILER_APPICON_NAME = AppIcon;
				CODE_SIGN_IDENTITY = "iPhone Developer";
				"CODE_SIGN_IDENTITY[sdk=iphoneos*]" = "iPhone Developer";
				INFOPLIST_FILE = CardKive/Info.plist;
				LD_RUNPATH_SEARCH_PATHS = "$(inherited) @executable_path/Frameworks";
				PRODUCT_BUNDLE_IDENTIFIER = "com.mycardkive.$(PRODUCT_NAME:rfc1034identifier)";
				PRODUCT_NAME = "$(TARGET_NAME)";
				PROVISIONING_PROFILE = "";
				TARGETED_DEVICE_FAMILY = 1;
			};
			name = Release;
		};
		3D4463AC1B81490B00F4E05A /* Debug */ = {
			isa = XCBuildConfiguration;
			buildSettings = {
				BUNDLE_LOADER = "$(TEST_HOST)";
				FRAMEWORK_SEARCH_PATHS = (
					"$(SDKROOT)/Developer/Library/Frameworks",
					"$(inherited)",
				);
				GCC_PREPROCESSOR_DEFINITIONS = (
					"DEBUG=1",
					"$(inherited)",
				);
				INFOPLIST_FILE = CardKiveTests/Info.plist;
				LD_RUNPATH_SEARCH_PATHS = "$(inherited) @executable_path/Frameworks @loader_path/Frameworks";
				PRODUCT_BUNDLE_IDENTIFIER = "com.mycardkive.$(PRODUCT_NAME:rfc1034identifier)";
				PRODUCT_NAME = "$(TARGET_NAME)";
				TEST_HOST = "$(BUILT_PRODUCTS_DIR)/CardKive.app/CardKive";
			};
			name = Debug;
		};
		3D4463AD1B81490B00F4E05A /* Release */ = {
			isa = XCBuildConfiguration;
			buildSettings = {
				BUNDLE_LOADER = "$(TEST_HOST)";
				FRAMEWORK_SEARCH_PATHS = (
					"$(SDKROOT)/Developer/Library/Frameworks",
					"$(inherited)",
				);
				INFOPLIST_FILE = CardKiveTests/Info.plist;
				LD_RUNPATH_SEARCH_PATHS = "$(inherited) @executable_path/Frameworks @loader_path/Frameworks";
				PRODUCT_BUNDLE_IDENTIFIER = "com.mycardkive.$(PRODUCT_NAME:rfc1034identifier)";
				PRODUCT_NAME = "$(TARGET_NAME)";
				TEST_HOST = "$(BUILT_PRODUCTS_DIR)/CardKive.app/CardKive";
			};
			name = Release;
		};
/* End XCBuildConfiguration section */

/* Begin XCConfigurationList section */
		3D4463801B81490B00F4E05A /* Build configuration list for PBXProject "CardKive" */ = {
			isa = XCConfigurationList;
			buildConfigurations = (
				3D4463A61B81490B00F4E05A /* Debug */,
				3D4463A71B81490B00F4E05A /* Release */,
			);
			defaultConfigurationIsVisible = 0;
			defaultConfigurationName = Release;
		};
		3D4463A81B81490B00F4E05A /* Build configuration list for PBXNativeTarget "CardKive" */ = {
			isa = XCConfigurationList;
			buildConfigurations = (
				3D4463A91B81490B00F4E05A /* Debug */,
				3D4463AA1B81490B00F4E05A /* Release */,
			);
			defaultConfigurationIsVisible = 0;
			defaultConfigurationName = Release;
		};
		3D4463AB1B81490B00F4E05A /* Build configuration list for PBXNativeTarget "CardKiveTests" */ = {
			isa = XCConfigurationList;
			buildConfigurations = (
				3D4463AC1B81490B00F4E05A /* Debug */,
				3D4463AD1B81490B00F4E05A /* Release */,
			);
			defaultConfigurationIsVisible = 0;
			defaultConfigurationName = Release;
		};
/* End XCConfigurationList section */
	};
	rootObject = 3D44637D1B81490B00F4E05A /* Project object */;
}
